<?xml version="1.0" encoding="utf-8"?>
<Project ToolsVersion="4.0" xmlns="http://schemas.microsoft.com/developer/msbuild/2003">
  <ItemGroup>
    <Filter Include="src">
      <UniqueIdentifier>{7dcc608a-7623-479f-9264-c66d93567ce4}</UniqueIdentifier>
    </Filter>
    <Filter Include="src\object">
      <UniqueIdentifier>{1fb37dc3-ab0a-4766-ac85-374f086a1576}</UniqueIdentifier>
    </Filter>
  </ItemGroup>
  <ItemGroup>
    <ClCompile Include="..\src\game.cpp">
      <Filter>src</Filter>
    </ClCompile>
    <ClCompile Include="..\src\main.cpp">
      <Filter>src</Filter>
    </ClCompile>
    <ClCompile Include="..\src\menu.cpp">
      <Filter>src</Filter>
    </ClCompile>
    <ClCompile Include="..\src\object\player.cpp">
      <Filter>src\object</Filter>
    </ClCompile>
    <ClCompile Include="..\src\object\asteroid.cpp">
      <Filter>src\object</Filter>
    </ClCompile>
    <ClCompile Include="enemy.cpp">
      <Filter>src\object</Filter>
    </ClCompile>
  </ItemGroup>
  <ItemGroup>
    <ClInclude Include="..\src\game.h">
      <Filter>src</Filter>
    </ClInclude>
    <ClInclude Include="..\src\menu.h">
      <Filter>src</Filter>
    </ClInclude>
    <ClInclude Include="..\src\object\player.h">
      <Filter>src\object</Filter>
    </ClInclude>
    <ClInclude Include="..\src\object\asteroid.h">
      <Filter>src\object</Filter>
    </ClInclude>
    <ClInclude Include="enemy.h">
      <Filter>src\object</Filter>
    </ClInclude>
  </ItemGroup>
</Project>